
Microsoft Visual Studio Solution File, Format Version 12.00
# Visual Studio Version 17
VisualStudioVersion = 17.5.2.0
MinimumVisualStudioVersion = 10.0.40219.1
Project("{FAE04EC0-301F-11D3-BF4B-00C04F79EFBC}") = "ApiGateway", "ApiGateway\ApiGateway.csproj", "{ABE66B30-BD47-A7B2-B17B-5BA67959B026}"
EndProject
Project("{FAE04EC0-301F-11D3-BF4B-00C04F79EFBC}") = "BuildingBlocks.Core", "BuildingBlocks.Core\BuildingBlocks.Core.csproj", "{284D9E3F-4B3E-A993-A871-1E26F3E0C6C7}"
EndProject
Project("{FAE04EC0-301F-11D3-BF4B-00C04F79EFBC}") = "BuildingBlocks.CrossCutting", "BuildingBlocks.CrossCutting\BuildingBlocks.CrossCutting.csproj", "{BBCDE6AA-911C-86B2-F46E-7084AF3C6A49}"
EndProject
Project("{FAE04EC0-301F-11D3-BF4B-00C04F79EFBC}") = "BuildingBlocks.HealthChecks", "BuildingBlocks.HealthChecks\BuildingBlocks.HealthChecks.csproj", "{B6078445-446F-0DAD-5366-839832E83EC7}"
EndProject
Project("{FAE04EC0-301F-11D3-BF4B-00C04F79EFBC}") = "BuildingBlocks.Infrastructure", "BuildingBlocks.Infrastructure\BuildingBlocks.Infrastructure.csproj", "{863F038D-AAC6-F121-9C40-0DE53CA12A12}"
EndProject
Project("{FAE04EC0-301F-11D3-BF4B-00C04F79EFBC}") = "BuildingBlocks.Logging", "BuildingBlocks.Logging\BuildingBlocks.Logging.csproj", "{98FA915E-7D46-C1FD-A66A-C3FE640CBA64}"
EndProject
Project("{FAE04EC0-301F-11D3-BF4B-00C04F79EFBC}") = "BuildingBlocks.Messaging", "BuildingBlocks.Messaging\BuildingBlocks.Messaging.csproj", "{2D545531-CCE6-708E-0492-A67602A203EA}"
EndProject
Project("{FAE04EC0-301F-11D3-BF4B-00C04F79EFBC}") = "BuildingBlocks.Security", "BuildingBlocks.Security\BuildingBlocks.Security.csproj", "{7943857E-0E97-58A0-106B-5EB26251B7DE}"
EndProject
Project("{FAE04EC0-301F-11D3-BF4B-00C04F79EFBC}") = "ApiGateway.Tests", "ApiGateway.Tests\ApiGateway.Tests.csproj", "{A225472A-9859-40ED-9755-BE487D868CFB}"
EndProject
Project("{FAE04EC0-301F-11D3-BF4B-00C04F79EFBC}") = "BuildingBlocks.Composition", "BuildingBlocks.Composition\BuildingBlocks.Composition.csproj", "{1012BC8D-4636-482D-8563-EFE743404850}"
EndProject
Global
	GlobalSection(SolutionConfigurationPlatforms) = preSolution
		Debug|Any CPU = Debug|Any CPU
		Debug|x64 = Debug|x64
		Debug|x86 = Debug|x86
		Release|Any CPU = Release|Any CPU
		Release|x64 = Release|x64
		Release|x86 = Release|x86
	EndGlobalSection
	GlobalSection(ProjectConfigurationPlatforms) = postSolution
		{ABE66B30-BD47-A7B2-B17B-5BA67959B026}.Debug|Any CPU.ActiveCfg = Debug|Any CPU
		{ABE66B30-BD47-A7B2-B17B-5BA67959B026}.Debug|Any CPU.Build.0 = Debug|Any CPU
		{ABE66B30-BD47-A7B2-B17B-5BA67959B026}.Debug|x64.ActiveCfg = Debug|Any CPU
		{ABE66B30-BD47-A7B2-B17B-5BA67959B026}.Debug|x64.Build.0 = Debug|Any CPU
		{ABE66B30-BD47-A7B2-B17B-5BA67959B026}.Debug|x86.ActiveCfg = Debug|Any CPU
		{ABE66B30-BD47-A7B2-B17B-5BA67959B026}.Debug|x86.Build.0 = Debug|Any CPU
		{ABE66B30-BD47-A7B2-B17B-5BA67959B026}.Release|Any CPU.ActiveCfg = Release|Any CPU
		{ABE66B30-BD47-A7B2-B17B-5BA67959B026}.Release|Any CPU.Build.0 = Release|Any CPU
		{ABE66B30-BD47-A7B2-B17B-5BA67959B026}.Release|x64.ActiveCfg = Release|Any CPU
		{ABE66B30-BD47-A7B2-B17B-5BA67959B026}.Release|x64.Build.0 = Release|Any CPU
		{ABE66B30-BD47-A7B2-B17B-5BA67959B026}.Release|x86.ActiveCfg = Release|Any CPU
		{ABE66B30-BD47-A7B2-B17B-5BA67959B026}.Release|x86.Build.0 = Release|Any CPU
		{284D9E3F-4B3E-A993-A871-1E26F3E0C6C7}.Debug|Any CPU.ActiveCfg = Debug|Any CPU
		{284D9E3F-4B3E-A993-A871-1E26F3E0C6C7}.Debug|Any CPU.Build.0 = Debug|Any CPU
		{284D9E3F-4B3E-A993-A871-1E26F3E0C6C7}.Debug|x64.ActiveCfg = Debug|Any CPU
		{284D9E3F-4B3E-A993-A871-1E26F3E0C6C7}.Debug|x64.Build.0 = Debug|Any CPU
		{284D9E3F-4B3E-A993-A871-1E26F3E0C6C7}.Debug|x86.ActiveCfg = Debug|Any CPU
		{284D9E3F-4B3E-A993-A871-1E26F3E0C6C7}.Debug|x86.Build.0 = Debug|Any CPU
		{284D9E3F-4B3E-A993-A871-1E26F3E0C6C7}.Release|Any CPU.ActiveCfg = Release|Any CPU
		{284D9E3F-4B3E-A993-A871-1E26F3E0C6C7}.Release|Any CPU.Build.0 = Release|Any CPU
		{284D9E3F-4B3E-A993-A871-1E26F3E0C6C7}.Release|x64.ActiveCfg = Release|Any CPU
		{284D9E3F-4B3E-A993-A871-1E26F3E0C6C7}.Release|x64.Build.0 = Release|Any CPU
		{284D9E3F-4B3E-A993-A871-1E26F3E0C6C7}.Release|x86.ActiveCfg = Release|Any CPU
		{284D9E3F-4B3E-A993-A871-1E26F3E0C6C7}.Release|x86.Build.0 = Release|Any CPU
		{BBCDE6AA-911C-86B2-F46E-7084AF3C6A49}.Debug|Any CPU.ActiveCfg = Debug|Any CPU
		{BBCDE6AA-911C-86B2-F46E-7084AF3C6A49}.Debug|Any CPU.Build.0 = Debug|Any CPU
		{BBCDE6AA-911C-86B2-F46E-7084AF3C6A49}.Debug|x64.ActiveCfg = Debug|Any CPU
		{BBCDE6AA-911C-86B2-F46E-7084AF3C6A49}.Debug|x64.Build.0 = Debug|Any CPU
		{BBCDE6AA-911C-86B2-F46E-7084AF3C6A49}.Debug|x86.ActiveCfg = Debug|Any CPU
		{BBCDE6AA-911C-86B2-F46E-7084AF3C6A49}.Debug|x86.Build.0 = Debug|Any CPU
		{BBCDE6AA-911C-86B2-F46E-7084AF3C6A49}.Release|Any CPU.ActiveCfg = Release|Any CPU
		{BBCDE6AA-911C-86B2-F46E-7084AF3C6A49}.Release|Any CPU.Build.0 = Release|Any CPU
		{BBCDE6AA-911C-86B2-F46E-7084AF3C6A49}.Release|x64.ActiveCfg = Release|Any CPU
		{BBCDE6AA-911C-86B2-F46E-7084AF3C6A49}.Release|x64.Build.0 = Release|Any CPU
		{BBCDE6AA-911C-86B2-F46E-7084AF3C6A49}.Release|x86.ActiveCfg = Release|Any CPU
		{BBCDE6AA-911C-86B2-F46E-7084AF3C6A49}.Release|x86.Build.0 = Release|Any CPU
		{B6078445-446F-0DAD-5366-839832E83EC7}.Debug|Any CPU.ActiveCfg = Debug|Any CPU
		{B6078445-446F-0DAD-5366-839832E83EC7}.Debug|Any CPU.Build.0 = Debug|Any CPU
		{B6078445-446F-0DAD-5366-839832E83EC7}.Debug|x64.ActiveCfg = Debug|Any CPU
		{B6078445-446F-0DAD-5366-839832E83EC7}.Debug|x64.Build.0 = Debug|Any CPU
		{B6078445-446F-0DAD-5366-839832E83EC7}.Debug|x86.ActiveCfg = Debug|Any CPU
		{B6078445-446F-0DAD-5366-839832E83EC7}.Debug|x86.Build.0 = Debug|Any CPU
		{B6078445-446F-0DAD-5366-839832E83EC7}.Release|Any CPU.ActiveCfg = Release|Any CPU
		{B6078445-446F-0DAD-5366-839832E83EC7}.Release|Any CPU.Build.0 = Release|Any CPU
		{B6078445-446F-0DAD-5366-839832E83EC7}.Release|x64.ActiveCfg = Release|Any CPU
		{B6078445-446F-0DAD-5366-839832E83EC7}.Release|x64.Build.0 = Release|Any CPU
		{B6078445-446F-0DAD-5366-839832E83EC7}.Release|x86.ActiveCfg = Release|Any CPU
		{B6078445-446F-0DAD-5366-839832E83EC7}.Release|x86.Build.0 = Release|Any CPU
		{863F038D-AAC6-F121-9C40-0DE53CA12A12}.Debug|Any CPU.ActiveCfg = Debug|Any CPU
		{863F038D-AAC6-F121-9C40-0DE53CA12A12}.Debug|Any CPU.Build.0 = Debug|Any CPU
		{863F038D-AAC6-F121-9C40-0DE53CA12A12}.Debug|x64.ActiveCfg = Debug|Any CPU
		{863F038D-AAC6-F121-9C40-0DE53CA12A12}.Debug|x64.Build.0 = Debug|Any CPU
		{863F038D-AAC6-F121-9C40-0DE53CA12A12}.Debug|x86.ActiveCfg = Debug|Any CPU
		{863F038D-AAC6-F121-9C40-0DE53CA12A12}.Debug|x86.Build.0 = Debug|Any CPU
		{863F038D-AAC6-F121-9C40-0DE53CA12A12}.Release|Any CPU.ActiveCfg = Release|Any CPU
		{863F038D-AAC6-F121-9C40-0DE53CA12A12}.Release|Any CPU.Build.0 = Release|Any CPU
		{863F038D-AAC6-F121-9C40-0DE53CA12A12}.Release|x64.ActiveCfg = Release|Any CPU
		{863F038D-AAC6-F121-9C40-0DE53CA12A12}.Release|x64.Build.0 = Release|Any CPU
		{863F038D-AAC6-F121-9C40-0DE53CA12A12}.Release|x86.ActiveCfg = Release|Any CPU
		{863F038D-AAC6-F121-9C40-0DE53CA12A12}.Release|x86.Build.0 = Release|Any CPU
		{98FA915E-7D46-C1FD-A66A-C3FE640CBA64}.Debug|Any CPU.ActiveCfg = Debug|Any CPU
		{98FA915E-7D46-C1FD-A66A-C3FE640CBA64}.Debug|Any CPU.Build.0 = Debug|Any CPU
		{98FA915E-7D46-C1FD-A66A-C3FE640CBA64}.Debug|x64.ActiveCfg = Debug|Any CPU
		{98FA915E-7D46-C1FD-A66A-C3FE640CBA64}.Debug|x64.Build.0 = Debug|Any CPU
		{98FA915E-7D46-C1FD-A66A-C3FE640CBA64}.Debug|x86.ActiveCfg = Debug|Any CPU
		{98FA915E-7D46-C1FD-A66A-C3FE640CBA64}.Debug|x86.Build.0 = Debug|Any CPU
		{98FA915E-7D46-C1FD-A66A-C3FE640CBA64}.Release|Any CPU.ActiveCfg = Release|Any CPU
		{98FA915E-7D46-C1FD-A66A-C3FE640CBA64}.Release|Any CPU.Build.0 = Release|Any CPU
		{98FA915E-7D46-C1FD-A66A-C3FE640CBA64}.Release|x64.ActiveCfg = Release|Any CPU
		{98FA915E-7D46-C1FD-A66A-C3FE640CBA64}.Release|x64.Build.0 = Release|Any CPU
		{98FA915E-7D46-C1FD-A66A-C3FE640CBA64}.Release|x86.ActiveCfg = Release|Any CPU
		{98FA915E-7D46-C1FD-A66A-C3FE640CBA64}.Release|x86.Build.0 = Release|Any CPU
		{2D545531-CCE6-708E-0492-A67602A203EA}.Debug|Any CPU.ActiveCfg = Debug|Any CPU
		{2D545531-CCE6-708E-0492-A67602A203EA}.Debug|Any CPU.Build.0 = Debug|Any CPU
		{2D545531-CCE6-708E-0492-A67602A203EA}.Debug|x64.ActiveCfg = Debug|Any CPU
		{2D545531-CCE6-708E-0492-A67602A203EA}.Debug|x64.Build.0 = Debug|Any CPU
		{2D545531-CCE6-708E-0492-A67602A203EA}.Debug|x86.ActiveCfg = Debug|Any CPU
		{2D545531-CCE6-708E-0492-A67602A203EA}.Debug|x86.Build.0 = Debug|Any CPU
		{2D545531-CCE6-708E-0492-A67602A203EA}.Release|Any CPU.ActiveCfg = Release|Any CPU
		{2D545531-CCE6-708E-0492-A67602A203EA}.Release|Any CPU.Build.0 = Release|Any CPU
		{2D545531-CCE6-708E-0492-A67602A203EA}.Release|x64.ActiveCfg = Release|Any CPU
		{2D545531-CCE6-708E-0492-A67602A203EA}.Release|x64.Build.0 = Release|Any CPU
		{2D545531-CCE6-708E-0492-A67602A203EA}.Release|x86.ActiveCfg = Release|Any CPU
		{2D545531-CCE6-708E-0492-A67602A203EA}.Release|x86.Build.0 = Release|Any CPU
		{7943857E-0E97-58A0-106B-5EB26251B7DE}.Debug|Any CPU.ActiveCfg = Debug|Any CPU
		{7943857E-0E97-58A0-106B-5EB26251B7DE}.Debug|Any CPU.Build.0 = Debug|Any CPU
		{7943857E-0E97-58A0-106B-5EB26251B7DE}.Debug|x64.ActiveCfg = Debug|Any CPU
		{7943857E-0E97-58A0-106B-5EB26251B7DE}.Debug|x64.Build.0 = Debug|Any CPU
		{7943857E-0E97-58A0-106B-5EB26251B7DE}.Debug|x86.ActiveCfg = Debug|Any CPU
		{7943857E-0E97-58A0-106B-5EB26251B7DE}.Debug|x86.Build.0 = Debug|Any CPU
		{7943857E-0E97-58A0-106B-5EB26251B7DE}.Release|Any CPU.ActiveCfg = Release|Any CPU
		{7943857E-0E97-58A0-106B-5EB26251B7DE}.Release|Any CPU.Build.0 = Release|Any CPU
		{7943857E-0E97-58A0-106B-5EB26251B7DE}.Release|x64.ActiveCfg = Release|Any CPU
		{7943857E-0E97-58A0-106B-5EB26251B7DE}.Release|x64.Build.0 = Release|Any CPU
		{7943857E-0E97-58A0-106B-5EB26251B7DE}.Release|x86.ActiveCfg = Release|Any CPU
		{7943857E-0E97-58A0-106B-5EB26251B7DE}.Release|x86.Build.0 = Release|Any CPU
		{A225472A-9859-40ED-9755-BE487D868CFB}.Debug|Any CPU.ActiveCfg = Debug|Any CPU
		{A225472A-9859-40ED-9755-BE487D868CFB}.Debug|Any CPU.Build.0 = Debug|Any CPU
		{A225472A-9859-40ED-9755-BE487D868CFB}.Debug|x64.ActiveCfg = Debug|Any CPU
		{A225472A-9859-40ED-9755-BE487D868CFB}.Debug|x64.Build.0 = Debug|Any CPU
		{A225472A-9859-40ED-9755-BE487D868CFB}.Debug|x86.ActiveCfg = Debug|Any CPU
		{A225472A-9859-40ED-9755-BE487D868CFB}.Debug|x86.Build.0 = Debug|Any CPU
		{A225472A-9859-40ED-9755-BE487D868CFB}.Release|Any CPU.ActiveCfg = Release|Any CPU
		{A225472A-9859-40ED-9755-BE487D868CFB}.Release|Any CPU.Build.0 = Release|Any CPU
		{A225472A-9859-40ED-9755-BE487D868CFB}.Release|x64.ActiveCfg = Release|Any CPU
		{A225472A-9859-40ED-9755-BE487D868CFB}.Release|x64.Build.0 = Release|Any CPU
		{A225472A-9859-40ED-9755-BE487D868CFB}.Release|x86.ActiveCfg = Release|Any CPU
		{A225472A-9859-40ED-9755-BE487D868CFB}.Release|x86.Build.0 = Release|Any CPU
		{1012BC8D-4636-482D-8563-EFE743404850}.Debug|Any CPU.ActiveCfg = Debug|Any CPU
		{1012BC8D-4636-482D-8563-EFE743404850}.Debug|Any CPU.Build.0 = Debug|Any CPU
		{1012BC8D-4636-482D-8563-EFE743404850}.Debug|x64.ActiveCfg = Debug|Any CPU
		{1012BC8D-4636-482D-8563-EFE743404850}.Debug|x64.Build.0 = Debug|Any CPU
		{1012BC8D-4636-482D-8563-EFE743404850}.Debug|x86.ActiveCfg = Debug|Any CPU
		{1012BC8D-4636-482D-8563-EFE743404850}.Debug|x86.Build.0 = Debug|Any CPU
		{1012BC8D-4636-482D-8563-EFE743404850}.Release|Any CPU.ActiveCfg = Release|Any CPU
		{1012BC8D-4636-482D-8563-EFE743404850}.Release|Any CPU.Build.0 = Release|Any CPU
		{1012BC8D-4636-482D-8563-EFE743404850}.Release|x64.ActiveCfg = Release|Any CPU
		{1012BC8D-4636-482D-8563-EFE743404850}.Release|x64.Build.0 = Release|Any CPU
		{1012BC8D-4636-482D-8563-EFE743404850}.Release|x86.ActiveCfg = Release|Any CPU
		{1012BC8D-4636-482D-8563-EFE743404850}.Release|x86.Build.0 = Release|Any CPU
	EndGlobalSection
	GlobalSection(SolutionProperties) = preSolution
		HideSolutionNode = FALSE
	EndGlobalSection
	GlobalSection(ExtensibilityGlobals) = postSolution
		SolutionGuid = {71EF55E8-CD22-4CB3-B3C5-FD233D682455}
	EndGlobalSection
EndGlobal
